{
  "name": "hellogenerator",
  "version": "1.0.0",
  "lockfileVersion": 3,
  "requires": true,
  "packages": {
    "": {
      "name": "hellogenerator",
      "version": "1.0.0",
      "license": "ISC",
      "dependencies": {
        "@tonaljs/chord": "^6.1.0",
        "@tonaljs/midi": "^4.10.0",
        "@tonaljs/note": "^4.11.0",
        "@tonaljs/progression": "^4.9.0",
        "chord-symbol": "^4.0.0",
        "dotenv": "^16.4.5"
      }
    },
    "node_modules/@tonaljs/chord": {
      "version": "6.1.0",
      "resolved": "https://registry.npmjs.org/@tonaljs/chord/-/chord-6.1.0.tgz",
      "integrity": "sha512-Eybaqaox4ukBO3FDQ7x3FLCdq3Gco0YIAFlxtL1fjdlULa1kJL7IVvZND5oVGIBIExI2JLODExyxy054rfZGvw==",
      "dependencies": {
        "@tonaljs/chord-detect": "4.9.0",
        "@tonaljs/chord-type": "5.1.0",
        "@tonaljs/collection": "4.9.0",
        "@tonaljs/interval": "^5.1.0",
        "@tonaljs/pcset": "4.10.0",
        "@tonaljs/pitch-distance": "5.0.4",
        "@tonaljs/pitch-note": "6.0.0",
        "@tonaljs/scale-type": "4.9.0"
      }
    },
    "node_modules/@tonaljs/chord-detect": {
      "version": "4.9.0",
      "resolved": "https://registry.npmjs.org/@tonaljs/chord-detect/-/chord-detect-4.9.0.tgz",
      "integrity": "sha512-ixlPHjntvcGbcHbIsTNEO8KKSDd2vM8IXVvVAbM8ZXldFHCjejCBQ0nyMPDxY3uzepLALFqBwXfkxF/injsTRw==",
      "dependencies": {
        "@tonaljs/chord-type": "5.1.0",
        "@tonaljs/pcset": "4.10.0",
        "@tonaljs/pitch-note": "6.0.0"
      }
    },
    "node_modules/@tonaljs/chord-type": {
      "version": "5.1.0",
      "resolved": "https://registry.npmjs.org/@tonaljs/chord-type/-/chord-type-5.1.0.tgz",
      "integrity": "sha512-39/SRnhgvElvWHQH1mkOxkQvDodz7HRkPeIL2rjFV3JL57ve38Ws+y9bjbkKCbD474jF0SQ9V+Xga3d/Mccz5g==",
      "dependencies": {
        "@tonaljs/pcset": "4.10.0"
      }
    },
    "node_modules/@tonaljs/collection": {
      "version": "4.9.0",
      "resolved": "https://registry.npmjs.org/@tonaljs/collection/-/collection-4.9.0.tgz",
      "integrity": "sha512-Mk0h7O54nT6PgNVcUYauzxa5KOB23+0AOKudWzRH7JhJIN9vhVIC7PtwZXE+/G051UTbHSFIcN/afkgF4nB/8A=="
    },
    "node_modules/@tonaljs/interval": {
      "version": "5.1.0",
      "resolved": "https://registry.npmjs.org/@tonaljs/interval/-/interval-5.1.0.tgz",
      "integrity": "sha512-GR9dUjn0j7yhjwjRh8HQxZYXOiVl05WfY3AFyMB9rfg807K4dSJmWfPTULPQXyHJ6NiZOPXcwRs8MxMLDxgdbg==",
      "dependencies": {
        "@tonaljs/pitch": "^5.0.2",
        "@tonaljs/pitch-distance": "^5.0.4",
        "@tonaljs/pitch-interval": "^6.0.0"
      }
    },
    "node_modules/@tonaljs/midi": {
      "version": "4.10.0",
      "resolved": "https://registry.npmjs.org/@tonaljs/midi/-/midi-4.10.0.tgz",
      "integrity": "sha512-LjwEzcBwJSNMLD+qDwVBWvkmIOAs59TPdlTQlooP3S1Au0jy7T+bZeIbBKtLEcDG14S2zyYZEZ1Mo+cxcumMmg==",
      "dependencies": {
        "@tonaljs/pitch-note": "6.0.0"
      }
    },
    "node_modules/@tonaljs/note": {
      "version": "4.11.0",
      "resolved": "https://registry.npmjs.org/@tonaljs/note/-/note-4.11.0.tgz",
      "integrity": "sha512-KJjtMaJ4Bc0wquFlKFDHk6RBrzHwHPgSvklqWSmhgxbklqQt+70wPn5RVwcJqNc5qnmZce+uvATwl+QVBXMCLQ==",
      "dependencies": {
        "@tonaljs/midi": "4.10.0",
        "@tonaljs/pitch": "5.0.2",
        "@tonaljs/pitch-distance": "5.0.4",
        "@tonaljs/pitch-interval": "6.0.0",
        "@tonaljs/pitch-note": "6.0.0"
      }
    },
    "node_modules/@tonaljs/pcset": {
      "version": "4.10.0",
      "resolved": "https://registry.npmjs.org/@tonaljs/pcset/-/pcset-4.10.0.tgz",
      "integrity": "sha512-kGiGDpN/fhJGJoILnNJIQqt2vpk8EkcXFtRvs3PaDfaMphtQ7Hd03d2zIhcEEShbCtaXUSeSwbCepwoGqt4WRw==",
      "dependencies": {
        "@tonaljs/collection": "4.9.0",
        "@tonaljs/pitch": "5.0.2",
        "@tonaljs/pitch-distance": "5.0.4",
        "@tonaljs/pitch-interval": "6.0.0",
        "@tonaljs/pitch-note": "6.0.0"
      }
    },
    "node_modules/@tonaljs/pitch": {
      "version": "5.0.2",
      "resolved": "https://registry.npmjs.org/@tonaljs/pitch/-/pitch-5.0.2.tgz",
      "integrity": "sha512-mxaXJPPe+LIJdjzpZEl8I8Wx3dEvlzkBbsr2Ltwc2dTAdnErAZ5R0TxVq2egF27lMvQN2QPQPWI9iDPPdVUmrg=="
    },
    "node_modules/@tonaljs/pitch-distance": {
      "version": "5.0.4",
      "resolved": "https://registry.npmjs.org/@tonaljs/pitch-distance/-/pitch-distance-5.0.4.tgz",
      "integrity": "sha512-c/Q/QpU0pE5QMxhf7VfP4p7C+gf5YfGt5mkwgMyQgpGNFSwQrKPPWSrWzArrFjJzejabUlDMREQyRU+Wj50iOQ==",
      "dependencies": {
        "@tonaljs/pitch": "5.0.2",
        "@tonaljs/pitch-interval": "6.0.0",
        "@tonaljs/pitch-note": "6.0.0"
      }
    },
    "node_modules/@tonaljs/pitch-interval": {
      "version": "6.0.0",
      "resolved": "https://registry.npmjs.org/@tonaljs/pitch-interval/-/pitch-interval-6.0.0.tgz",
      "integrity": "sha512-0iaFWbgshYWjfmdxzF8jNmTqsNK2krwn+FqDRZb8vEsfaSNC8Jek0f5wYcE2to+7f0P5jJlJnj8CUGvlfKIT5A==",
      "dependencies": {
        "@tonaljs/pitch": "5.0.2"
      }
    },
    "node_modules/@tonaljs/pitch-note": {
      "version": "6.0.0",
      "resolved": "https://registry.npmjs.org/@tonaljs/pitch-note/-/pitch-note-6.0.0.tgz",
      "integrity": "sha512-m4Ei7zwSsKwotVfnodA7m1SR7zD5NNIea+V7Mo35EcK32ZJBg+SvxdwgfNNdLO8bkDbVrZIgVYqeP3R3Jq7VFQ==",
      "dependencies": {
        "@tonaljs/pitch": "5.0.2"
      }
    },
    "node_modules/@tonaljs/progression": {
      "version": "4.9.0",
      "resolved": "https://registry.npmjs.org/@tonaljs/progression/-/progression-4.9.0.tgz",
      "integrity": "sha512-Pe9gp9o4af7uN7sSbA588ImVn9A31mjCD1t2gjHYEDve+q+S33juBurUkdwiJBI3mPWMPPCtSxucZI/nrAiYDA==",
      "dependencies": {
        "@tonaljs/chord": "6.1.0",
        "@tonaljs/pitch-distance": "5.0.4",
        "@tonaljs/pitch-interval": "6.0.0",
        "@tonaljs/pitch-note": "6.0.0",
        "@tonaljs/roman-numeral": "4.9.0"
      }
    },
    "node_modules/@tonaljs/roman-numeral": {
      "version": "4.9.0",
      "resolved": "https://registry.npmjs.org/@tonaljs/roman-numeral/-/roman-numeral-4.9.0.tgz",
      "integrity": "sha512-kegMCXUcLpdSSTI7YoU49kWv5DwVAkpyZAz6svYKtP1Vdjt4+q8c5hjSupM8QH4chQBNElRzqhZRgx90sMc/fw==",
      "dependencies": {
        "@tonaljs/pitch": "5.0.2",
        "@tonaljs/pitch-interval": "6.0.0",
        "@tonaljs/pitch-note": "6.0.0"
      }
    },
    "node_modules/@tonaljs/scale-type": {
      "version": "4.9.0",
      "resolved": "https://registry.npmjs.org/@tonaljs/scale-type/-/scale-type-4.9.0.tgz",
      "integrity": "sha512-8kp71+gLAgKkLKd78SrLbP9eUdt1xKY/1uchgG7vyL4itMixMo/3l+WRKcvb0+gX2+AM2/E+xeCjxrRU5jaVpw==",
      "dependencies": {
        "@tonaljs/pcset": "4.10.0"
      }
    },
    "node_modules/chord-symbol": {
      "version": "4.0.0",
      "resolved": "https://registry.npmjs.org/chord-symbol/-/chord-symbol-4.0.0.tgz",
      "integrity": "sha512-GeECWgVsAAC85G1qpvZo9eLkhfN/9cfX1gD7IXiYFary+JvMIhef3w/Wrm9O6tmjdP5nNeIb3pKDYuA1z25SLg==",
      "dependencies": {
        "lodash": "^4.17.21"
      }
    },
    "node_modules/dotenv": {
      "version": "16.4.5",
      "resolved": "https://registry.npmjs.org/dotenv/-/dotenv-16.4.5.tgz",
      "integrity": "sha512-ZmdL2rui+eB2YwhsWzjInR8LldtZHGDoQ1ugH85ppHKwpUHL7j7rN0Ti9NCnGiQbhaZ11FpR+7ao1dNsmduNUg==",
      "engines": {
        "node": ">=12"
      },
      "funding": {
        "url": "https://dotenvx.com"
      }
    },
    "node_modules/lodash": {
      "version": "4.17.21",
      "resolved": "https://registry.npmjs.org/lodash/-/lodash-4.17.21.tgz",
      "integrity": "sha512-v2kDEe57lecTulaDIuNTPy3Ry4gLGJ6Z1O3vE1krgXZNrsQ+LFTGHVxVjcXPs17LhbZVGedAJv8XZ1tvj5FvSg=="
    }
  }
}
